
Microsoft Visual Studio Solution File, Format Version 12.00
# Visual Studio Version 16
VisualStudioVersion = 16.0.31424.327
MinimumVisualStudioVersion = 10.0.40219.1
Project("{FAE04EC0-301F-11D3-BF4B-00C04F79EFBC}") = "OOP-HW9", "OOP-HW9\OOP-HW9.csproj", "{E70EAAA7-D317-4A94-A903-27BAF1439762}"
EndProject
Global
	GlobalSection(SolutionConfigurationPlatforms) = preSolution
		Debug|Any CPU = Debug|Any CPU
		Release|Any CPU = Release|Any CPU
	EndGlobalSection
	GlobalSection(ProjectConfigurationPlatforms) = postSolution
		{E70EAAA7-D317-4A94-A903-27BAF1439762}.Debug|Any CPU.ActiveCfg = Debug|Any CPU
		{E70EAAA7-D317-4A94-A903-27BAF1439762}.Debug|Any CPU.Build.0 = Debug|Any CPU
		{E70EAAA7-D317-4A94-A903-27BAF1439762}.Release|Any CPU.ActiveCfg = Release|Any CPU
		{E70EAAA7-D317-4A94-A903-27BAF1439762}.Release|Any CPU.Build.0 = Release|Any CPU
	EndGlobalSection
	GlobalSection(SolutionProperties) = preSolution
		HideSolutionNode = FALSE
	EndGlobalSection
	GlobalSection(ExtensibilityGlobals) = postSolution
		SolutionGuid = {307824D6-22E7-4610-B2FB-58974BDD1318}
	EndGlobalSection
EndGlobal
